
Microsoft Visual Studio Solution File, Format Version 12.00
Project("{FAE04EC0-301F-11D3-BF4B-00C04F79EFBC}") = "StatClac.Api", "StatClac.Api\StatClac.Api.csproj", "{4A460BC2-C95E-4AEB-AF13-13536F557B25}"
EndProject
Project("{FAE04EC0-301F-11D3-BF4B-00C04F79EFBC}") = "StatCalc.Infrastructure", "StatCalc.Infrastructure\StatCalc.Infrastructure.csproj", "{477102BF-9D65-4893-B8C7-D31419AEF029}"
EndProject
Project("{FAE04EC0-301F-11D3-BF4B-00C04F79EFBC}") = "StatCalc.Tests", "StatCalc.Tests\StatCalc.Tests.csproj", "{12ED68D9-E119-4A71-8CE9-3233587FBFC1}"
EndProject
Global
	GlobalSection(SolutionConfigurationPlatforms) = preSolution
		Debug|Any CPU = Debug|Any CPU
		Release|Any CPU = Release|Any CPU
	EndGlobalSection
	GlobalSection(ProjectConfigurationPlatforms) = postSolution
		{4A460BC2-C95E-4AEB-AF13-13536F557B25}.Debug|Any CPU.ActiveCfg = Debug|Any CPU
		{4A460BC2-C95E-4AEB-AF13-13536F557B25}.Debug|Any CPU.Build.0 = Debug|Any CPU
		{4A460BC2-C95E-4AEB-AF13-13536F557B25}.Release|Any CPU.ActiveCfg = Release|Any CPU
		{4A460BC2-C95E-4AEB-AF13-13536F557B25}.Release|Any CPU.Build.0 = Release|Any CPU
		{477102BF-9D65-4893-B8C7-D31419AEF029}.Debug|Any CPU.ActiveCfg = Debug|Any CPU
		{477102BF-9D65-4893-B8C7-D31419AEF029}.Debug|Any CPU.Build.0 = Debug|Any CPU
		{477102BF-9D65-4893-B8C7-D31419AEF029}.Release|Any CPU.ActiveCfg = Release|Any CPU
		{477102BF-9D65-4893-B8C7-D31419AEF029}.Release|Any CPU.Build.0 = Release|Any CPU
		{12ED68D9-E119-4A71-8CE9-3233587FBFC1}.Debug|Any CPU.ActiveCfg = Debug|Any CPU
		{12ED68D9-E119-4A71-8CE9-3233587FBFC1}.Debug|Any CPU.Build.0 = Debug|Any CPU
		{12ED68D9-E119-4A71-8CE9-3233587FBFC1}.Release|Any CPU.ActiveCfg = Release|Any CPU
		{12ED68D9-E119-4A71-8CE9-3233587FBFC1}.Release|Any CPU.Build.0 = Release|Any CPU
	EndGlobalSection
EndGlobal
